# This file is automatically @generated by Poetry 1.6.1 and should not be changed by hand.

[[package]]
name = "pydicom"
version = "2.4.4"
description = "A pure Python package for reading and writing DICOM data"
optional = false
python-versions = ">=3.7"
files = [
    {file = "pydicom-2.4.4-py3-none-any.whl", hash = "sha256:f9f8e19b78525be57aa6384484298833e4d06ac1d6226c79459131ddb0bd7c42"},
    {file = "pydicom-2.4.4.tar.gz", hash = "sha256:90b4801d851ce65be3df520e16bbfa3d6c767cf2a3a3b1c18f6780e6b670b87a"},
]

[package.extras]
docs = ["matplotlib", "numpy", "numpydoc", "pillow", "sphinx", "sphinx-copybutton", "sphinx-gallery", "sphinx_rtd_theme", "sphinxcontrib-napoleon"]

[[package]]
name = "pynetdicom"
version = "2.0.2"
description = "A Python implementation of the DICOM networking protocol"
optional = false
python-versions = ">=3.7"
files = [
    {file = "pynetdicom-2.0.2-py3-none-any.whl", hash = "sha256:6726173d25a51f66f2a4557d816c0f93b3b2a8435ce3d319e6cdd8e48bf657d5"},
    {file = "pynetdicom-2.0.2.tar.gz", hash = "sha256:231212e9b9c5e0debf2af4f17d8afa14ecd1b262a11cdb891b2b2b15f7ab5939"},
]

[package.dependencies]
pydicom = ">=2.2.0"

[package.extras]
apps = ["sqlalchemy"]
docs = ["numpydoc", "sphinx", "sphinx-copybutton", "sphinx-issues", "sphinx-rtd-theme", "sphinxcontrib-napoleon"]
tests = ["pyfakefs", "pytest", "sqlalchemy"]

[metadata]
lock-version = "2.0"
python-versions = "^3.12"
content-hash = "c2f3f30b2b128350baa2dc8808c5f294947fbf260032fb6eac68ccc4a902ab01"
